// !$*UTF8*$!
{
	archiveVersion = 1;
	classes = {
	};
	objectVersion = 46;
	objects = {

/* Begin PBXBuildFile section */
		EB66727C02191A715C362BB2 /* libPods.a in Frameworks */ = {isa = PBXBuildFile; fileRef = 79C18CE8C135B9B23A2A8CF4 /* libPods.a */; };
		F9340F411C01705A00A25B46 /* main.m in Sources */ = {isa = PBXBuildFile; fileRef = F9340F401C01705A00A25B46 /* main.m */; };
		F9340F441C01705A00A25B46 /* AppDelegate.m in Sources */ = {isa = PBXBuildFile; fileRef = F9340F431C01705A00A25B46 /* AppDelegate.m */; };
		F9340F471C01705A00A25B46 /* ViewController.m in Sources */ = {isa = PBXBuildFile; fileRef = F9340F461C01705A00A25B46 /* ViewController.m */; };
		F9340F4A1C01705A00A25B46 /* Main.storyboard in Resources */ = {isa = PBXBuildFile; fileRef = F9340F481C01705A00A25B46 /* Main.storyboard */; };
		F9340F4C1C01705A00A25B46 /* Images.xcassets in Resources */ = {isa = PBXBuildFile; fileRef = F9340F4B1C01705A00A25B46 /* Images.xcassets */; };
		F9340F4F1C01705A00A25B46 /* LaunchScreen.xib in Resources */ = {isa = PBXBuildFile; fileRef = F9340F4D1C01705A00A25B46 /* LaunchScreen.xib */; };
		F9340F5B1C01705A00A25B46 /* CloudBusTeacher2015Tests.m in Sources */ = {isa = PBXBuildFile; fileRef = F9340F5A1C01705A00A25B46 /* CloudBusTeacher2015Tests.m */; };
		F9340F6B1C0176FC00A25B46 /* CBLoginViewController.m in Sources */ = {isa = PBXBuildFile; fileRef = F9340F661C0176FC00A25B46 /* CBLoginViewController.m */; };
		F9340F6D1C0176FC00A25B46 /* CBLoginInfo.m in Sources */ = {isa = PBXBuildFile; fileRef = F9340F6A1C0176FC00A25B46 /* CBLoginInfo.m */; };
		F9340F701C0177B100A25B46 /* CBTabbarViewController.m in Sources */ = {isa = PBXBuildFile; fileRef = F9340F6F1C0177B100A25B46 /* CBTabbarViewController.m */; };
		F9340F851C01780B00A25B46 /* BaseNavigationController.m in Sources */ = {isa = PBXBuildFile; fileRef = F9340F731C01780B00A25B46 /* BaseNavigationController.m */; };
		F9340F861C01780B00A25B46 /* Calculate.m in Sources */ = {isa = PBXBuildFile; fileRef = F9340F751C01780B00A25B46 /* Calculate.m */; };
		F93410111C01789F00A25B46 /* CBDateBase.m in Sources */ = {isa = PBXBuildFile; fileRef = F9340F901C01789F00A25B46 /* CBDateBase.m */; };
		F93410121C01789F00A25B46 /* EKRequest.m in Sources */ = {isa = PBXBuildFile; fileRef = F9340F921C01789F00A25B46 /* EKRequest.m */; };
		F93410131C01789F00A25B46 /* UITableView+FDIndexPathHeightCache.m in Sources */ = {isa = PBXBuildFile; fileRef = F9340F951C01789F00A25B46 /* UITableView+FDIndexPathHeightCache.m */; };
		F93410141C01789F00A25B46 /* UITableView+FDKeyedHeightCache.m in Sources */ = {isa = PBXBuildFile; fileRef = F9340F971C01789F00A25B46 /* UITableView+FDKeyedHeightCache.m */; };
		F93410151C01789F00A25B46 /* UITableView+FDTemplateLayoutCell.m in Sources */ = {isa = PBXBuildFile; fileRef = F9340F991C01789F00A25B46 /* UITableView+FDTemplateLayoutCell.m */; };
		F93410161C01789F00A25B46 /* UITableView+FDTemplateLayoutCellDebug.m in Sources */ = {isa = PBXBuildFile; fileRef = F9340F9B1C01789F00A25B46 /* UITableView+FDTemplateLayoutCellDebug.m */; };
		F93410221C01789F00A25B46 /* SVHTTPClient.m in Sources */ = {isa = PBXBuildFile; fileRef = F934100E1C01789F00A25B46 /* SVHTTPClient.m */; };
		F93410231C01789F00A25B46 /* SVHTTPRequest.m in Sources */ = {isa = PBXBuildFile; fileRef = F93410101C01789F00A25B46 /* SVHTTPRequest.m */; };
		F93410271C017A9200A25B46 /* UIColor+RCColor.m in Sources */ = {isa = PBXBuildFile; fileRef = F93410261C017A9200A25B46 /* UIColor+RCColor.m */; };
/* End PBXBuildFile section */

/* Begin PBXContainerItemProxy section */
		F9340F551C01705A00A25B46 /* PBXContainerItemProxy */ = {
			isa = PBXContainerItemProxy;
			containerPortal = F9340F331C01705A00A25B46 /* Project object */;
			proxyType = 1;
			remoteGlobalIDString = F9340F3A1C01705A00A25B46;
			remoteInfo = CloudBusTeacher2015;
		};
/* End PBXContainerItemProxy section */

/* Begin PBXFileReference section */
		3C500CDD43808C6A8AC1A424 /* Pods.release.xcconfig */ = {isa = PBXFileReference; includeInIndex = 1; lastKnownFileType = text.xcconfig; name = Pods.release.xcconfig; path = "Pods/Target Support Files/Pods/Pods.release.xcconfig"; sourceTree = "<group>"; };
		5CE277415C96ED7A5679ED5C /* Pods.debug.xcconfig */ = {isa = PBXFileReference; includeInIndex = 1; lastKnownFileType = text.xcconfig; name = Pods.debug.xcconfig; path = "Pods/Target Support Files/Pods/Pods.debug.xcconfig"; sourceTree = "<group>"; };
		79C18CE8C135B9B23A2A8CF4 /* libPods.a */ = {isa = PBXFileReference; explicitFileType = archive.ar; includeInIndex = 0; path = libPods.a; sourceTree = BUILT_PRODUCTS_DIR; };
		F9340F3B1C01705A00A25B46 /* CloudBusTeacher2015.app */ = {isa = PBXFileReference; explicitFileType = wrapper.application; includeInIndex = 0; path = CloudBusTeacher2015.app; sourceTree = BUILT_PRODUCTS_DIR; };
		F9340F3F1C01705A00A25B46 /* Info.plist */ = {isa = PBXFileReference; lastKnownFileType = text.plist.xml; path = Info.plist; sourceTree = "<group>"; };
		F9340F401C01705A00A25B46 /* main.m */ = {isa = PBXFileReference; lastKnownFileType = sourcecode.c.objc; path = main.m; sourceTree = "<group>"; };
		F9340F421C01705A00A25B46 /* AppDelegate.h */ = {isa = PBXFileReference; lastKnownFileType = sourcecode.c.h; path = AppDelegate.h; sourceTree = "<group>"; };
		F9340F431C01705A00A25B46 /* AppDelegate.m */ = {isa = PBXFileReference; lastKnownFileType = sourcecode.c.objc; path = AppDelegate.m; sourceTree = "<group>"; };
		F9340F451C01705A00A25B46 /* ViewController.h */ = {isa = PBXFileReference; lastKnownFileType = sourcecode.c.h; path = ViewController.h; sourceTree = "<group>"; };
		F9340F461C01705A00A25B46 /* ViewController.m */ = {isa = PBXFileReference; lastKnownFileType = sourcecode.c.objc; path = ViewController.m; sourceTree = "<group>"; };
		F9340F491C01705A00A25B46 /* Base */ = {isa = PBXFileReference; lastKnownFileType = file.storyboard; name = Base; path = Base.lproj/Main.storyboard; sourceTree = "<group>"; };
		F9340F4B1C01705A00A25B46 /* Images.xcassets */ = {isa = PBXFileReference; lastKnownFileType = folder.assetcatalog; path = Images.xcassets; sourceTree = "<group>"; };
		F9340F4E1C01705A00A25B46 /* Base */ = {isa = PBXFileReference; lastKnownFileType = file.xib; name = Base; path = Base.lproj/LaunchScreen.xib; sourceTree = "<group>"; };
		F9340F541C01705A00A25B46 /* CloudBusTeacher2015Tests.xctest */ = {isa = PBXFileReference; explicitFileType = wrapper.cfbundle; includeInIndex = 0; path = CloudBusTeacher2015Tests.xctest; sourceTree = BUILT_PRODUCTS_DIR; };
		F9340F591C01705A00A25B46 /* Info.plist */ = {isa = PBXFileReference; lastKnownFileType = text.plist.xml; path = Info.plist; sourceTree = "<group>"; };
		F9340F5A1C01705A00A25B46 /* CloudBusTeacher2015Tests.m */ = {isa = PBXFileReference; lastKnownFileType = sourcecode.c.objc; path = CloudBusTeacher2015Tests.m; sourceTree = "<group>"; };
		F9340F651C0176FC00A25B46 /* CBLoginViewController.h */ = {isa = PBXFileReference; fileEncoding = 4; lastKnownFileType = sourcecode.c.h; path = CBLoginViewController.h; sourceTree = "<group>"; };
		F9340F661C0176FC00A25B46 /* CBLoginViewController.m */ = {isa = PBXFileReference; fileEncoding = 4; lastKnownFileType = sourcecode.c.objc; path = CBLoginViewController.m; sourceTree = "<group>"; };
		F9340F691C0176FC00A25B46 /* CBLoginInfo.h */ = {isa = PBXFileReference; fileEncoding = 4; lastKnownFileType = sourcecode.c.h; path = CBLoginInfo.h; sourceTree = "<group>"; };
		F9340F6A1C0176FC00A25B46 /* CBLoginInfo.m */ = {isa = PBXFileReference; fileEncoding = 4; lastKnownFileType = sourcecode.c.objc; path = CBLoginInfo.m; sourceTree = "<group>"; };
		F9340F6E1C0177B100A25B46 /* CBTabbarViewController.h */ = {isa = PBXFileReference; fileEncoding = 4; lastKnownFileType = sourcecode.c.h; path = CBTabbarViewController.h; sourceTree = "<group>"; };
		F9340F6F1C0177B100A25B46 /* CBTabbarViewController.m */ = {isa = PBXFileReference; fileEncoding = 4; lastKnownFileType = sourcecode.c.objc; path = CBTabbarViewController.m; sourceTree = "<group>"; };
		F9340F721C01780B00A25B46 /* BaseNavigationController.h */ = {isa = PBXFileReference; fileEncoding = 4; lastKnownFileType = sourcecode.c.h; path = BaseNavigationController.h; sourceTree = "<group>"; };
		F9340F731C01780B00A25B46 /* BaseNavigationController.m */ = {isa = PBXFileReference; fileEncoding = 4; lastKnownFileType = sourcecode.c.objc; path = BaseNavigationController.m; sourceTree = "<group>"; };
		F9340F741C01780B00A25B46 /* Calculate.h */ = {isa = PBXFileReference; fileEncoding = 4; lastKnownFileType = sourcecode.c.h; path = Calculate.h; sourceTree = "<group>"; };
		F9340F751C01780B00A25B46 /* Calculate.m */ = {isa = PBXFileReference; fileEncoding = 4; lastKnownFileType = sourcecode.c.objc; path = Calculate.m; sourceTree = "<group>"; };
		F9340F761C01780B00A25B46 /* CB.h */ = {isa = PBXFileReference; fileEncoding = 4; lastKnownFileType = sourcecode.c.h; path = CB.h; sourceTree = "<group>"; };
		F9340F8F1C01789F00A25B46 /* CBDateBase.h */ = {isa = PBXFileReference; fileEncoding = 4; lastKnownFileType = sourcecode.c.h; path = CBDateBase.h; sourceTree = "<group>"; };
		F9340F901C01789F00A25B46 /* CBDateBase.m */ = {isa = PBXFileReference; fileEncoding = 4; lastKnownFileType = sourcecode.c.objc; path = CBDateBase.m; sourceTree = "<group>"; };
		F9340F911C01789F00A25B46 /* EKRequest.h */ = {isa = PBXFileReference; fileEncoding = 4; lastKnownFileType = sourcecode.c.h; path = EKRequest.h; sourceTree = "<group>"; };
		F9340F921C01789F00A25B46 /* EKRequest.m */ = {isa = PBXFileReference; fileEncoding = 4; lastKnownFileType = sourcecode.c.objc; path = EKRequest.m; sourceTree = "<group>"; };
		F9340F941C01789F00A25B46 /* UITableView+FDIndexPathHeightCache.h */ = {isa = PBXFileReference; fileEncoding = 4; lastKnownFileType = sourcecode.c.h; path = "UITableView+FDIndexPathHeightCache.h"; sourceTree = "<group>"; };
		F9340F951C01789F00A25B46 /* UITableView+FDIndexPathHeightCache.m */ = {isa = PBXFileReference; fileEncoding = 4; lastKnownFileType = sourcecode.c.objc; path = "UITableView+FDIndexPathHeightCache.m"; sourceTree = "<group>"; };
		F9340F961C01789F00A25B46 /* UITableView+FDKeyedHeightCache.h */ = {isa = PBXFileReference; fileEncoding = 4; lastKnownFileType = sourcecode.c.h; path = "UITableView+FDKeyedHeightCache.h"; sourceTree = "<group>"; };
		F9340F971C01789F00A25B46 /* UITableView+FDKeyedHeightCache.m */ = {isa = PBXFileReference; fileEncoding = 4; lastKnownFileType = sourcecode.c.objc; path = "UITableView+FDKeyedHeightCache.m"; sourceTree = "<group>"; };
		F9340F981C01789F00A25B46 /* UITableView+FDTemplateLayoutCell.h */ = {isa = PBXFileReference; fileEncoding = 4; lastKnownFileType = sourcecode.c.h; path = "UITableView+FDTemplateLayoutCell.h"; sourceTree = "<group>"; };
		F9340F991C01789F00A25B46 /* UITableView+FDTemplateLayoutCell.m */ = {isa = PBXFileReference; fileEncoding = 4; lastKnownFileType = sourcecode.c.objc; path = "UITableView+FDTemplateLayoutCell.m"; sourceTree = "<group>"; };
		F9340F9A1C01789F00A25B46 /* UITableView+FDTemplateLayoutCellDebug.h */ = {isa = PBXFileReference; fileEncoding = 4; lastKnownFileType = sourcecode.c.h; path = "UITableView+FDTemplateLayoutCellDebug.h"; sourceTree = "<group>"; };
		F9340F9B1C01789F00A25B46 /* UITableView+FDTemplateLayoutCellDebug.m */ = {isa = PBXFileReference; fileEncoding = 4; lastKnownFileType = sourcecode.c.objc; path = "UITableView+FDTemplateLayoutCellDebug.m"; sourceTree = "<group>"; };
		F934100D1C01789F00A25B46 /* SVHTTPClient.h */ = {isa = PBXFileReference; fileEncoding = 4; lastKnownFileType = sourcecode.c.h; path = SVHTTPClient.h; sourceTree = "<group>"; };
		F934100E1C01789F00A25B46 /* SVHTTPClient.m */ = {isa = PBXFileReference; fileEncoding = 4; lastKnownFileType = sourcecode.c.objc; path = SVHTTPClient.m; sourceTree = "<group>"; };
		F934100F1C01789F00A25B46 /* SVHTTPRequest.h */ = {isa = PBXFileReference; fileEncoding = 4; lastKnownFileType = sourcecode.c.h; path = SVHTTPRequest.h; sourceTree = "<group>"; };
		F93410101C01789F00A25B46 /* SVHTTPRequest.m */ = {isa = PBXFileReference; fileEncoding = 4; lastKnownFileType = sourcecode.c.objc; path = SVHTTPRequest.m; sourceTree = "<group>"; };
		F93410251C017A9200A25B46 /* UIColor+RCColor.h */ = {isa = PBXFileReference; fileEncoding = 4; lastKnownFileType = sourcecode.c.h; path = "UIColor+RCColor.h"; sourceTree = "<group>"; };
		F93410261C017A9200A25B46 /* UIColor+RCColor.m */ = {isa = PBXFileReference; fileEncoding = 4; lastKnownFileType = sourcecode.c.objc; path = "UIColor+RCColor.m"; sourceTree = "<group>"; };
/* End PBXFileReference section */

/* Begin PBXFrameworksBuildPhase section */
		F9340F381C01705A00A25B46 /* Frameworks */ = {
			isa = PBXFrameworksBuildPhase;
			buildActionMask = 2147483647;
			files = (
				EB66727C02191A715C362BB2 /* libPods.a in Frameworks */,
			);
			runOnlyForDeploymentPostprocessing = 0;
		};
		F9340F511C01705A00A25B46 /* Frameworks */ = {
			isa = PBXFrameworksBuildPhase;
			buildActionMask = 2147483647;
			files = (
			);
			runOnlyForDeploymentPostprocessing = 0;
		};
/* End PBXFrameworksBuildPhase section */

/* Begin PBXGroup section */
		71737ABF3CF8808608ABE6D3 /* Frameworks */ = {
			isa = PBXGroup;
			children = (
				79C18CE8C135B9B23A2A8CF4 /* libPods.a */,
			);
			name = Frameworks;
			sourceTree = "<group>";
		};
		E068F1C2815E56EB6DAB872F /* Pods */ = {
			isa = PBXGroup;
			children = (
				5CE277415C96ED7A5679ED5C /* Pods.debug.xcconfig */,
				3C500CDD43808C6A8AC1A424 /* Pods.release.xcconfig */,
			);
			name = Pods;
			sourceTree = "<group>";
		};
		F9340F321C01705A00A25B46 = {
			isa = PBXGroup;
			children = (
				F9340F3D1C01705A00A25B46 /* CloudBusTeacher2015 */,
				F9340F571C01705A00A25B46 /* CloudBusTeacher2015Tests */,
				F9340F3C1C01705A00A25B46 /* Products */,
				E068F1C2815E56EB6DAB872F /* Pods */,
				71737ABF3CF8808608ABE6D3 /* Frameworks */,
			);
			sourceTree = "<group>";
		};
		F9340F3C1C01705A00A25B46 /* Products */ = {
			isa = PBXGroup;
			children = (
				F9340F3B1C01705A00A25B46 /* CloudBusTeacher2015.app */,
				F9340F541C01705A00A25B46 /* CloudBusTeacher2015Tests.xctest */,
			);
			name = Products;
			sourceTree = "<group>";
		};
		F9340F3D1C01705A00A25B46 /* CloudBusTeacher2015 */ = {
			isa = PBXGroup;
			children = (
				F9340F8E1C01789F00A25B46 /* Third */,
				F9340F711C01780B00A25B46 /* Model */,
				F9340F6E1C0177B100A25B46 /* CBTabbarViewController.h */,
				F9340F6F1C0177B100A25B46 /* CBTabbarViewController.m */,
				F9340F641C0176FC00A25B46 /* Login */,
				F9340F421C01705A00A25B46 /* AppDelegate.h */,
				F9340F431C01705A00A25B46 /* AppDelegate.m */,
				F9340F451C01705A00A25B46 /* ViewController.h */,
				F9340F461C01705A00A25B46 /* ViewController.m */,
				F9340F481C01705A00A25B46 /* Main.storyboard */,
				F9340F4B1C01705A00A25B46 /* Images.xcassets */,
				F9340F4D1C01705A00A25B46 /* LaunchScreen.xib */,
				F9340F3E1C01705A00A25B46 /* Supporting Files */,
			);
			path = CloudBusTeacher2015;
			sourceTree = "<group>";
		};
		F9340F3E1C01705A00A25B46 /* Supporting Files */ = {
			isa = PBXGroup;
			children = (
				F9340F3F1C01705A00A25B46 /* Info.plist */,
				F9340F401C01705A00A25B46 /* main.m */,
			);
			name = "Supporting Files";
			sourceTree = "<group>";
		};
		F9340F571C01705A00A25B46 /* CloudBusTeacher2015Tests */ = {
			isa = PBXGroup;
			children = (
				F9340F5A1C01705A00A25B46 /* CloudBusTeacher2015Tests.m */,
				F9340F581C01705A00A25B46 /* Supporting Files */,
			);
			path = CloudBusTeacher2015Tests;
			sourceTree = "<group>";
		};
		F9340F581C01705A00A25B46 /* Supporting Files */ = {
			isa = PBXGroup;
			children = (
				F9340F591C01705A00A25B46 /* Info.plist */,
			);
			name = "Supporting Files";
			sourceTree = "<group>";
		};
		F9340F641C0176FC00A25B46 /* Login */ = {
			isa = PBXGroup;
			children = (
				F9340F651C0176FC00A25B46 /* CBLoginViewController.h */,
				F9340F661C0176FC00A25B46 /* CBLoginViewController.m */,
				F9340F681C0176FC00A25B46 /* Model */,
			);
			path = Login;
			sourceTree = "<group>";
		};
		F9340F681C0176FC00A25B46 /* Model */ = {
			isa = PBXGroup;
			children = (
				F9340F691C0176FC00A25B46 /* CBLoginInfo.h */,
				F9340F6A1C0176FC00A25B46 /* CBLoginInfo.m */,
			);
			path = Model;
			sourceTree = "<group>";
		};
		F9340F711C01780B00A25B46 /* Model */ = {
			isa = PBXGroup;
			children = (
				F9340F721C01780B00A25B46 /* BaseNavigationController.h */,
				F9340F731C01780B00A25B46 /* BaseNavigationController.m */,
				F9340F741C01780B00A25B46 /* Calculate.h */,
				F9340F751C01780B00A25B46 /* Calculate.m */,
				F9340F761C01780B00A25B46 /* CB.h */,
			);
			path = Model;
			sourceTree = "<group>";
		};
		F9340F8E1C01789F00A25B46 /* Third */ = {
			isa = PBXGroup;
			children = (
				F93410241C017A9200A25B46 /* Utils */,
				F9340F8F1C01789F00A25B46 /* CBDateBase.h */,
				F9340F901C01789F00A25B46 /* CBDateBase.m */,
				F9340F911C01789F00A25B46 /* EKRequest.h */,
				F9340F921C01789F00A25B46 /* EKRequest.m */,
				F9340F931C01789F00A25B46 /* FDTemplateLayoutCell */,
				F934100D1C01789F00A25B46 /* SVHTTPClient.h */,
				F934100E1C01789F00A25B46 /* SVHTTPClient.m */,
				F934100F1C01789F00A25B46 /* SVHTTPRequest.h */,
				F93410101C01789F00A25B46 /* SVHTTPRequest.m */,
			);
			path = Third;
			sourceTree = "<group>";
		};
		F9340F931C01789F00A25B46 /* FDTemplateLayoutCell */ = {
			isa = PBXGroup;
			children = (
				F9340F941C01789F00A25B46 /* UITableView+FDIndexPathHeightCache.h */,
				F9340F951C01789F00A25B46 /* UITableView+FDIndexPathHeightCache.m */,
				F9340F961C01789F00A25B46 /* UITableView+FDKeyedHeightCache.h */,
				F9340F971C01789F00A25B46 /* UITableView+FDKeyedHeightCache.m */,
				F9340F981C01789F00A25B46 /* UITableView+FDTemplateLayoutCell.h */,
				F9340F991C01789F00A25B46 /* UITableView+FDTemplateLayoutCell.m */,
				F9340F9A1C01789F00A25B46 /* UITableView+FDTemplateLayoutCellDebug.h */,
				F9340F9B1C01789F00A25B46 /* UITableView+FDTemplateLayoutCellDebug.m */,
			);
			path = FDTemplateLayoutCell;
			sourceTree = "<group>";
		};
		F93410241C017A9200A25B46 /* Utils */ = {
			isa = PBXGroup;
			children = (
				F93410251C017A9200A25B46 /* UIColor+RCColor.h */,
				F93410261C017A9200A25B46 /* UIColor+RCColor.m */,
			);
			path = Utils;
			sourceTree = "<group>";
		};
/* End PBXGroup section */

/* Begin PBXNativeTarget section */
		F9340F3A1C01705A00A25B46 /* CloudBusTeacher2015 */ = {
			isa = PBXNativeTarget;
			buildConfigurationList = F9340F5E1C01705A00A25B46 /* Build configuration list for PBXNativeTarget "CloudBusTeacher2015" */;
			buildPhases = (
				869B3D60C4C6B88AC2FA4A65 /* Check Pods Manifest.lock */,
				F9340F371C01705A00A25B46 /* Sources */,
				F9340F381C01705A00A25B46 /* Frameworks */,
				F9340F391C01705A00A25B46 /* Resources */,
				357E257D4BA1BA13C893B860 /* Embed Pods Frameworks */,
				9CF10A2B7902A8F61A6E9814 /* Copy Pods Resources */,
			);
			buildRules = (
			);
			dependencies = (
			);
			name = CloudBusTeacher2015;
			productName = CloudBusTeacher2015;
			productReference = F9340F3B1C01705A00A25B46 /* CloudBusTeacher2015.app */;
			productType = "com.apple.product-type.application";
		};
		F9340F531C01705A00A25B46 /* CloudBusTeacher2015Tests */ = {
			isa = PBXNativeTarget;
			buildConfigurationList = F9340F611C01705A00A25B46 /* Build configuration list for PBXNativeTarget "CloudBusTeacher2015Tests" */;
			buildPhases = (
				F9340F501C01705A00A25B46 /* Sources */,
				F9340F511C01705A00A25B46 /* Frameworks */,
				F9340F521C01705A00A25B46 /* Resources */,
			);
			buildRules = (
			);
			dependencies = (
				F9340F561C01705A00A25B46 /* PBXTargetDependency */,
			);
			name = CloudBusTeacher2015Tests;
			productName = CloudBusTeacher2015Tests;
			productReference = F9340F541C01705A00A25B46 /* CloudBusTeacher2015Tests.xctest */;
			productType = "com.apple.product-type.bundle.unit-test";
		};
/* End PBXNativeTarget section */

/* Begin PBXProject section */
		F9340F331C01705A00A25B46 /* Project object */ = {
			isa = PBXProject;
			attributes = {
				LastUpgradeCheck = 0640;
				ORGANIZATIONNAME = wenpeifang;
				TargetAttributes = {
					F9340F3A1C01705A00A25B46 = {
						CreatedOnToolsVersion = 6.4;
					};
					F9340F531C01705A00A25B46 = {
						CreatedOnToolsVersion = 6.4;
						TestTargetID = F9340F3A1C01705A00A25B46;
					};
				};
			};
			buildConfigurationList = F9340F361C01705A00A25B46 /* Build configuration list for PBXProject "CloudBusTeacher2015" */;
			compatibilityVersion = "Xcode 3.2";
			developmentRegion = English;
			hasScannedForEncodings = 0;
			knownRegions = (
				en,
				Base,
			);
			mainGroup = F9340F321C01705A00A25B46;
			productRefGroup = F9340F3C1C01705A00A25B46 /* Products */;
			projectDirPath = "";
			projectRoot = "";
			targets = (
				F9340F3A1C01705A00A25B46 /* CloudBusTeacher2015 */,
				F9340F531C01705A00A25B46 /* CloudBusTeacher2015Tests */,
			);
		};
/* End PBXProject section */

/* Begin PBXResourcesBuildPhase section */
		F9340F391C01705A00A25B46 /* Resources */ = {
			isa = PBXResourcesBuildPhase;
			buildActionMask = 2147483647;
			files = (
				F9340F4A1C01705A00A25B46 /* Main.storyboard in Resources */,
				F9340F4F1C01705A00A25B46 /* LaunchScreen.xib in Resources */,
				F9340F4C1C01705A00A25B46 /* Images.xcassets in Resources */,
			);
			runOnlyForDeploymentPostprocessing = 0;
		};
		F9340F521C01705A00A25B46 /* Resources */ = {
			isa = PBXResourcesBuildPhase;
			buildActionMask = 2147483647;
			files = (
			);
			runOnlyForDeploymentPostprocessing = 0;
		};
/* End PBXResourcesBuildPhase section */

/* Begin PBXShellScriptBuildPhase section */
		357E257D4BA1BA13C893B860 /* Embed Pods Frameworks */ = {
			isa = PBXShellScriptBuildPhase;
			buildActionMask = 2147483647;
			files = (
			);
			inputPaths = (
			);
			name = "Embed Pods Frameworks";
			outputPaths = (
			);
			runOnlyForDeploymentPostprocessing = 0;
			shellPath = /bin/sh;
			shellScript = "\"${SRCROOT}/Pods/Target Support Files/Pods/Pods-frameworks.sh\"\n";
			showEnvVarsInLog = 0;
		};
		869B3D60C4C6B88AC2FA4A65 /* Check Pods Manifest.lock */ = {
			isa = PBXShellScriptBuildPhase;
			buildActionMask = 2147483647;
			files = (
			);
			inputPaths = (
			);
			name = "Check Pods Manifest.lock";
			outputPaths = (
			);
			runOnlyForDeploymentPostprocessing = 0;
			shellPath = /bin/sh;
			shellScript = "diff \"${PODS_ROOT}/../Podfile.lock\" \"${PODS_ROOT}/Manifest.lock\" > /dev/null\nif [[ $? != 0 ]] ; then\n    cat << EOM\nerror: The sandbox is not in sync with the Podfile.lock. Run 'pod install' or update your CocoaPods installation.\nEOM\n    exit 1\nfi\n";
			showEnvVarsInLog = 0;
		};
		9CF10A2B7902A8F61A6E9814 /* Copy Pods Resources */ = {
			isa = PBXShellScriptBuildPhase;
			buildActionMask = 2147483647;
			files = (
			);
			inputPaths = (
			);
			name = "Copy Pods Resources";
			outputPaths = (
			);
			runOnlyForDeploymentPostprocessing = 0;
			shellPath = /bin/sh;
			shellScript = "\"${SRCROOT}/Pods/Target Support Files/Pods/Pods-resources.sh\"\n";
			showEnvVarsInLog = 0;
		};
/* End PBXShellScriptBuildPhase section */

/* Begin PBXSourcesBuildPhase section */
		F9340F371C01705A00A25B46 /* Sources */ = {
			isa = PBXSourcesBuildPhase;
			buildActionMask = 2147483647;
			files = (
				F93410231C01789F00A25B46 /* SVHTTPRequest.m in Sources */,
				F93410141C01789F00A25B46 /* UITableView+FDKeyedHeightCache.m in Sources */,
				F93410161C01789F00A25B46 /* UITableView+FDTemplateLayoutCellDebug.m in Sources */,
				F93410151C01789F00A25B46 /* UITableView+FDTemplateLayoutCell.m in Sources */,
				F9340F471C01705A00A25B46 /* ViewController.m in Sources */,
				F9340F851C01780B00A25B46 /* BaseNavigationController.m in Sources */,
				F9340F441C01705A00A25B46 /* AppDelegate.m in Sources */,
				F9340F6D1C0176FC00A25B46 /* CBLoginInfo.m in Sources */,
				F9340F861C01780B00A25B46 /* Calculate.m in Sources */,
				F93410271C017A9200A25B46 /* UIColor+RCColor.m in Sources */,
				F93410121C01789F00A25B46 /* EKRequest.m in Sources */,
				F9340F701C0177B100A25B46 /* CBTabbarViewController.m in Sources */,
				F9340F411C01705A00A25B46 /* main.m in Sources */,
				F93410131C01789F00A25B46 /* UITableView+FDIndexPathHeightCache.m in Sources */,
				F9340F6B1C0176FC00A25B46 /* CBLoginViewController.m in Sources */,
				F93410221C01789F00A25B46 /* SVHTTPClient.m in Sources */,
				F93410111C01789F00A25B46 /* CBDateBase.m in Sources */,
			);
			runOnlyForDeploymentPostprocessing = 0;
		};
		F9340F501C01705A00A25B46 /* Sources */ = {
			isa = PBXSourcesBuildPhase;
			buildActionMask = 2147483647;
			files = (
				F9340F5B1C01705A00A25B46 /* CloudBusTeacher2015Tests.m in Sources */,
			);
			runOnlyForDeploymentPostprocessing = 0;
		};
/* End PBXSourcesBuildPhase section */

/* Begin PBXTargetDependency section */
		F9340F561C01705A00A25B46 /* PBXTargetDependency */ = {
			isa = PBXTargetDependency;
			target = F9340F3A1C01705A00A25B46 /* CloudBusTeacher2015 */;
			targetProxy = F9340F551C01705A00A25B46 /* PBXContainerItemProxy */;
		};
/* End PBXTargetDependency section */

/* Begin PBXVariantGroup section */
		F9340F481C01705A00A25B46 /* Main.storyboard */ = {
			isa = PBXVariantGroup;
			children = (
				F9340F491C01705A00A25B46 /* Base */,
			);
			name = Main.storyboard;
			sourceTree = "<group>";
		};
		F9340F4D1C01705A00A25B46 /* LaunchScreen.xib */ = {
			isa = PBXVariantGroup;
			children = (
				F9340F4E1C01705A00A25B46 /* Base */,
			);
			name = LaunchScreen.xib;
			sourceTree = "<group>";
		};
/* End PBXVariantGroup section */

/* Begin XCBuildConfiguration section */
		F9340F5C1C01705A00A25B46 /* Debug */ = {
			isa = XCBuildConfiguration;
			buildSettings = {
				ALWAYS_SEARCH_USER_PATHS = NO;
				CLANG_CXX_LANGUAGE_STANDARD = "gnu++0x";
				CLANG_CXX_LIBRARY = "libc++";
				CLANG_ENABLE_MODULES = YES;
				CLANG_ENABLE_OBJC_ARC = YES;
				CLANG_WARN_BOOL_CONVERSION = YES;
				CLANG_WARN_CONSTANT_CONVERSION = YES;
				CLANG_WARN_DIRECT_OBJC_ISA_USAGE = YES_ERROR;
				CLANG_WARN_EMPTY_BODY = YES;
				CLANG_WARN_ENUM_CONVERSION = YES;
				CLANG_WARN_INT_CONVERSION = YES;
				CLANG_WARN_OBJC_ROOT_CLASS = YES_ERROR;
				CLANG_WARN_UNREACHABLE_CODE = YES;
				CLANG_WARN__DUPLICATE_METHOD_MATCH = YES;
				"CODE_SIGN_IDENTITY[sdk=iphoneos*]" = "iPhone Developer";
				COPY_PHASE_STRIP = NO;
				DEBUG_INFORMATION_FORMAT = "dwarf-with-dsym";
				ENABLE_STRICT_OBJC_MSGSEND = YES;
				GCC_C_LANGUAGE_STANDARD = gnu99;
				GCC_DYNAMIC_NO_PIC = NO;
				GCC_NO_COMMON_BLOCKS = YES;
				GCC_OPTIMIZATION_LEVEL = 0;
				GCC_PREPROCESSOR_DEFINITIONS = (
					"DEBUG=1",
					"$(inherited)",
				);
				GCC_SYMBOLS_PRIVATE_EXTERN = NO;
				GCC_WARN_64_TO_32_BIT_CONVERSION = YES;
				GCC_WARN_ABOUT_RETURN_TYPE = YES_ERROR;
				GCC_WARN_UNDECLARED_SELECTOR = YES;
				GCC_WARN_UNINITIALIZED_AUTOS = YES_AGGRESSIVE;
				GCC_WARN_UNUSED_FUNCTION = YES;
				GCC_WARN_UNUSED_VARIABLE = YES;
				IPHONEOS_DEPLOYMENT_TARGET = 8.4;
				MTL_ENABLE_DEBUG_INFO = YES;
				ONLY_ACTIVE_ARCH = YES;
				SDKROOT = iphoneos;
			};
			name = Debug;
		};
		F9340F5D1C01705A00A25B46 /* Release */ = {
			isa = XCBuildConfiguration;
			buildSettings = {
				ALWAYS_SEARCH_USER_PATHS = NO;
				CLANG_CXX_LANGUAGE_STANDARD = "gnu++0x";
				CLANG_CXX_LIBRARY = "libc++";
				CLANG_ENABLE_MODULES = YES;
				CLANG_ENABLE_OBJC_ARC = YES;
				CLANG_WARN_BOOL_CONVERSION = YES;
				CLANG_WARN_CONSTANT_CONVERSION = YES;
				CLANG_WARN_DIRECT_OBJC_ISA_USAGE = YES_ERROR;
				CLANG_WARN_EMPTY_BODY = YES;
				CLANG_WARN_ENUM_CONVERSION = YES;
				CLANG_WARN_INT_CONVERSION = YES;
				CLANG_WARN_OBJC_ROOT_CLASS = YES_ERROR;
				CLANG_WARN_UNREACHABLE_CODE = YES;
				CLANG_WARN__DUPLICATE_METHOD_MATCH = YES;
				"CODE_SIGN_IDENTITY[sdk=iphoneos*]" = "iPhone Developer";
				COPY_PHASE_STRIP = NO;
				DEBUG_INFORMATION_FORMAT = "dwarf-with-dsym";
				ENABLE_NS_ASSERTIONS = NO;
				ENABLE_STRICT_OBJC_MSGSEND = YES;
				GCC_C_LANGUAGE_STANDARD = gnu99;
				GCC_NO_COMMON_BLOCKS = YES;
				GCC_WARN_64_TO_32_BIT_CONVERSION = YES;
				GCC_WARN_ABOUT_RETURN_TYPE = YES_ERROR;
				GCC_WARN_UNDECLARED_SELECTOR = YES;
				GCC_WARN_UNINITIALIZED_AUTOS = YES_AGGRESSIVE;
				GCC_WARN_UNUSED_FUNCTION = YES;
				GCC_WARN_UNUSED_VARIABLE = YES;
				IPHONEOS_DEPLOYMENT_TARGET = 8.4;
				MTL_ENABLE_DEBUG_INFO = NO;
				SDKROOT = iphoneos;
				VALIDATE_PRODUCT = YES;
			};
			name = Release;
		};
		F9340F5F1C01705A00A25B46 /* Debug */ = {
			isa = XCBuildConfiguration;
			baseConfigurationReference = 5CE277415C96ED7A5679ED5C /* Pods.debug.xcconfig */;
			buildSettings = {
				ASSETCATALOG_COMPILER_APPICON_NAME = AppIcon;
				INFOPLIST_FILE = CloudBusTeacher2015/Info.plist;
				IPHONEOS_DEPLOYMENT_TARGET = 7.0;
				LD_RUNPATH_SEARCH_PATHS = "$(inherited) @executable_path/Frameworks";
				LIBRARY_SEARCH_PATHS = (
					"$(inherited)",
					"$(PROJECT_DIR)/CloudBusTeacher2015/Third/ffmpeg/lib",
				);
				PRODUCT_NAME = "$(TARGET_NAME)";
			};
			name = Debug;
		};
		F9340F601C01705A00A25B46 /* Release */ = {
			isa = XCBuildConfiguration;
			baseConfigurationReference = 3C500CDD43808C6A8AC1A424 /* Pods.release.xcconfig */;
			buildSettings = {
				ASSETCATALOG_COMPILER_APPICON_NAME = AppIcon;
				INFOPLIST_FILE = CloudBusTeacher2015/Info.plist;
				IPHONEOS_DEPLOYMENT_TARGET = 7.0;
				LD_RUNPATH_SEARCH_PATHS = "$(inherited) @executable_path/Frameworks";
				LIBRARY_SEARCH_PATHS = (
					"$(inherited)",
					"$(PROJECT_DIR)/CloudBusTeacher2015/Third/ffmpeg/lib",
				);
				PRODUCT_NAME = "$(TARGET_NAME)";
			};
			name = Release;
		};
		F9340F621C01705A00A25B46 /* Debug */ = {
			isa = XCBuildConfiguration;
			buildSettings = {
				BUNDLE_LOADER = "$(TEST_HOST)";
				FRAMEWORK_SEARCH_PATHS = (
					"$(SDKROOT)/Developer/Library/Frameworks",
					"$(inherited)",
				);
				GCC_PREPROCESSOR_DEFINITIONS = (
					"DEBUG=1",
					"$(inherited)",
				);
				INFOPLIST_FILE = CloudBusTeacher2015Tests/Info.plist;
				LD_RUNPATH_SEARCH_PATHS = "$(inherited) @executable_path/Frameworks @loader_path/Frameworks";
				PRODUCT_NAME = "$(TARGET_NAME)";
				TEST_HOST = "$(BUILT_PRODUCTS_DIR)/CloudBusTeacher2015.app/CloudBusTeacher2015";
			};
			name = Debug;
		};
		F9340F631C01705A00A25B46 /* Release */ = {
			isa = XCBuildConfiguration;
			buildSettings = {
				BUNDLE_LOADER = "$(TEST_HOST)";
				FRAMEWORK_SEARCH_PATHS = (
					"$(SDKROOT)/Developer/Library/Frameworks",
					"$(inherited)",
				);
				INFOPLIST_FILE = CloudBusTeacher2015Tests/Info.plist;
				LD_RUNPATH_SEARCH_PATHS = "$(inherited) @executable_path/Frameworks @loader_path/Frameworks";
				PRODUCT_NAME = "$(TARGET_NAME)";
				TEST_HOST = "$(BUILT_PRODUCTS_DIR)/CloudBusTeacher2015.app/CloudBusTeacher2015";
			};
			name = Release;
		};
/* End XCBuildConfiguration section */

/* Begin XCConfigurationList section */
		F9340F361C01705A00A25B46 /* Build configuration list for PBXProject "CloudBusTeacher2015" */ = {
			isa = XCConfigurationList;
			buildConfigurations = (
				F9340F5C1C01705A00A25B46 /* Debug */,
				F9340F5D1C01705A00A25B46 /* Release */,
			);
			defaultConfigurationIsVisible = 0;
			defaultConfigurationName = Release;
		};
		F9340F5E1C01705A00A25B46 /* Build configuration list for PBXNativeTarget "CloudBusTeacher2015" */ = {
			isa = XCConfigurationList;
			buildConfigurations = (
				F9340F5F1C01705A00A25B46 /* Debug */,
				F9340F601C01705A00A25B46 /* Release */,
			);
			defaultConfigurationIsVisible = 0;
			defaultConfigurationName = Release;
		};
		F9340F611C01705A00A25B46 /* Build configuration list for PBXNativeTarget "CloudBusTeacher2015Tests" */ = {
			isa = XCConfigurationList;
			buildConfigurations = (
				F9340F621C01705A00A25B46 /* Debug */,
				F9340F631C01705A00A25B46 /* Release */,
			);
			defaultConfigurationIsVisible = 0;
			defaultConfigurationName = Release;
		};
/* End XCConfigurationList section */
	};
	rootObject = F9340F331C01705A00A25B46 /* Project object */;
}
